
Microsoft Visual Studio Solution File, Format Version 12.00
# Visual Studio Version 17
VisualStudioVersion = 17.14.36616.10 d17.14
MinimumVisualStudioVersion = 10.0.40219.1
Project("{FAE04EC0-301F-11D3-BF4B-00C04F79EFBC}") = "WebSucKhoe.API", "WebSucKhoe.API\WebSucKhoe.API.csproj", "{2E4ADA15-5BCA-4554-9B1C-E2CCAB88E14C}"
EndProject
Global
	GlobalSection(SolutionConfigurationPlatforms) = preSolution
		Debug|Any CPU = Debug|Any CPU
		Release|Any CPU = Release|Any CPU
	EndGlobalSection
	GlobalSection(ProjectConfigurationPlatforms) = postSolution
		{2E4ADA15-5BCA-4554-9B1C-E2CCAB88E14C}.Debug|Any CPU.ActiveCfg = Debug|Any CPU
		{2E4ADA15-5BCA-4554-9B1C-E2CCAB88E14C}.Debug|Any CPU.Build.0 = Debug|Any CPU
		{2E4ADA15-5BCA-4554-9B1C-E2CCAB88E14C}.Release|Any CPU.ActiveCfg = Release|Any CPU
		{2E4ADA15-5BCA-4554-9B1C-E2CCAB88E14C}.Release|Any CPU.Build.0 = Release|Any CPU
	EndGlobalSection
	GlobalSection(SolutionProperties) = preSolution
		HideSolutionNode = FALSE
	EndGlobalSection
	GlobalSection(ExtensibilityGlobals) = postSolution
		SolutionGuid = {3DC6D994-8388-4DB0-9A7E-FB8388ADE07D}
	EndGlobalSection
EndGlobal
